
Microsoft Visual Studio Solution File, Format Version 12.00
# Visual Studio Version 17
VisualStudioVersion = 17.4.33205.214
MinimumVisualStudioVersion = 10.0.40219.1
Project("{FAE04EC0-301F-11D3-BF4B-00C04F79EFBC}") = "BoardWebApp", "BoardWebApp.csproj", "{F55C408A-454C-4FA8-88F7-1F67E39A9527}"
EndProject
Project("{2150E333-8FDC-42A3-9474-1A3956D46DE8}") = "Solution Items", "Solution Items", "{234A80A0-098D-4AA1-A579-8FBF8CCE1E54}"
	ProjectSection(SolutionItems) = preProject
		.editorconfig = .editorconfig
	EndProjectSection
EndProject
Global
	GlobalSection(SolutionConfigurationPlatforms) = preSolution
		Debug|Any CPU = Debug|Any CPU
		Release|Any CPU = Release|Any CPU
	EndGlobalSection
	GlobalSection(ProjectConfigurationPlatforms) = postSolution
		{F55C408A-454C-4FA8-88F7-1F67E39A9527}.Debug|Any CPU.ActiveCfg = Debug|Any CPU
		{F55C408A-454C-4FA8-88F7-1F67E39A9527}.Debug|Any CPU.Build.0 = Debug|Any CPU
		{F55C408A-454C-4FA8-88F7-1F67E39A9527}.Release|Any CPU.ActiveCfg = Release|Any CPU
		{F55C408A-454C-4FA8-88F7-1F67E39A9527}.Release|Any CPU.Build.0 = Release|Any CPU
	EndGlobalSection
	GlobalSection(SolutionProperties) = preSolution
		HideSolutionNode = FALSE
	EndGlobalSection
	GlobalSection(ExtensibilityGlobals) = postSolution
		SolutionGuid = {C36D3DB7-DE7D-4E53-A220-B204A187D712}
	EndGlobalSection
EndGlobal
